
Microsoft Visual Studio Solution File, Format Version 12.00
# Visual Studio Version 17
VisualStudioVersion = 17.10.34928.147
MinimumVisualStudioVersion = 10.0.40219.1
Project("{FAE04EC0-301F-11D3-BF4B-00C04F79EFBC}") = "DacXAngular.Server", "DacXAngular.Server\DacXAngular.Server.csproj", "{354F4F88-511D-4771-A826-EC1392098484}"
EndProject
Project("{54A90642-561A-4BB1-A94E-469ADEE60C69}") = "dacxangular.client", "dacxangular.client\dacxangular.client.esproj", "{F10D2495-FEAE-4867-B442-65E6CF44A1C2}"
EndProject
Global
	GlobalSection(SolutionConfigurationPlatforms) = preSolution
		Debug|Any CPU = Debug|Any CPU
		Release|Any CPU = Release|Any CPU
	EndGlobalSection
	GlobalSection(ProjectConfigurationPlatforms) = postSolution
		{354F4F88-511D-4771-A826-EC1392098484}.Debug|Any CPU.ActiveCfg = Debug|Any CPU
		{354F4F88-511D-4771-A826-EC1392098484}.Debug|Any CPU.Build.0 = Debug|Any CPU
		{354F4F88-511D-4771-A826-EC1392098484}.Release|Any CPU.ActiveCfg = Release|Any CPU
		{354F4F88-511D-4771-A826-EC1392098484}.Release|Any CPU.Build.0 = Release|Any CPU
		{F10D2495-FEAE-4867-B442-65E6CF44A1C2}.Debug|Any CPU.ActiveCfg = Debug|Any CPU
		{F10D2495-FEAE-4867-B442-65E6CF44A1C2}.Debug|Any CPU.Build.0 = Debug|Any CPU
		{F10D2495-FEAE-4867-B442-65E6CF44A1C2}.Debug|Any CPU.Deploy.0 = Debug|Any CPU
		{F10D2495-FEAE-4867-B442-65E6CF44A1C2}.Release|Any CPU.ActiveCfg = Release|Any CPU
		{F10D2495-FEAE-4867-B442-65E6CF44A1C2}.Release|Any CPU.Build.0 = Release|Any CPU
		{F10D2495-FEAE-4867-B442-65E6CF44A1C2}.Release|Any CPU.Deploy.0 = Release|Any CPU
	EndGlobalSection
	GlobalSection(SolutionProperties) = preSolution
		HideSolutionNode = FALSE
	EndGlobalSection
	GlobalSection(ExtensibilityGlobals) = postSolution
		SolutionGuid = {0867066B-89AA-4D08-BD16-FE7B6A3C95F4}
	EndGlobalSection
EndGlobal
